// !$*UTF8*$!
{
	archiveVersion = 1;
	classes = {
	};
	objectVersion = 46;
	objects = {

/* Begin PBXBuildFile section */
		1F1C71051ED4527E00663A58 /* AppDelegate.m in Sources */ = {isa = PBXBuildFile; fileRef = 1F1C71041ED4527E00663A58 /* AppDelegate.m */; };
		1F1C71081ED4527E00663A58 /* main.m in Sources */ = {isa = PBXBuildFile; fileRef = 1F1C71071ED4527E00663A58 /* main.m */; };
		1F1C710B1ED4527E00663A58 /* ViewController.m in Sources */ = {isa = PBXBuildFile; fileRef = 1F1C710A1ED4527E00663A58 /* ViewController.m */; };
		1F1C710D1ED4527E00663A58 /* Assets.xcassets in Resources */ = {isa = PBXBuildFile; fileRef = 1F1C710C1ED4527E00663A58 /* Assets.xcassets */; };
		1F1C71101ED4527E00663A58 /* Main.storyboard in Resources */ = {isa = PBXBuildFile; fileRef = 1F1C710E1ED4527E00663A58 /* Main.storyboard */; };
/* End PBXBuildFile section */

/* Begin PBXFileReference section */
		1F1C71001ED4527E00663A58 /* tempMac.app */ = {isa = PBXFileReference; explicitFileType = wrapper.application; includeInIndex = 0; path = tempMac.app; sourceTree = BUILT_PRODUCTS_DIR; };
		1F1C71031ED4527E00663A58 /* AppDelegate.h */ = {isa = PBXFileReference; lastKnownFileType = sourcecode.c.h; path = AppDelegate.h; sourceTree = "<group>"; };
		1F1C71041ED4527E00663A58 /* AppDelegate.m */ = {isa = PBXFileReference; lastKnownFileType = sourcecode.c.objc; path = AppDelegate.m; sourceTree = "<group>"; };
		1F1C71071ED4527E00663A58 /* main.m */ = {isa = PBXFileReference; lastKnownFileType = sourcecode.c.objc; path = main.m; sourceTree = "<group>"; };
		1F1C71091ED4527E00663A58 /* ViewController.h */ = {isa = PBXFileReference; lastKnownFileType = sourcecode.c.h; path = ViewController.h; sourceTree = "<group>"; };
		1F1C710A1ED4527E00663A58 /* ViewController.m */ = {isa = PBXFileReference; lastKnownFileType = sourcecode.c.objc; path = ViewController.m; sourceTree = "<group>"; };
		1F1C710C1ED4527E00663A58 /* Assets.xcassets */ = {isa = PBXFileReference; lastKnownFileType = folder.assetcatalog; path = Assets.xcassets; sourceTree = "<group>"; };
		1F1C710F1ED4527E00663A58 /* Base */ = {isa = PBXFileReference; lastKnownFileType = file.storyboard; name = Base; path = Base.lproj/Main.storyboard; sourceTree = "<group>"; };
		1F1C71111ED4527E00663A58 /* Info.plist */ = {isa = PBXFileReference; lastKnownFileType = text.plist.xml; path = Info.plist; sourceTree = "<group>"; };
/* End PBXFileReference section */

/* Begin PBXFrameworksBuildPhase section */
		1F1C70FD1ED4527E00663A58 /* Frameworks */ = {
			isa = PBXFrameworksBuildPhase;
			buildActionMask = 2147483647;
			files = (
			);
			runOnlyForDeploymentPostprocessing = 0;
		};
/* End PBXFrameworksBuildPhase section */

/* Begin PBXGroup section */
		1F1C70F71ED4527E00663A58 = {
			isa = PBXGroup;
			children = (
				1F1C71021ED4527E00663A58 /* tempMac */,
				1F1C71011ED4527E00663A58 /* Products */,
			);
			sourceTree = "<group>";
		};
		1F1C71011ED4527E00663A58 /* Products */ = {
			isa = PBXGroup;
			children = (
				1F1C71001ED4527E00663A58 /* tempMac.app */,
			);
			name = Products;
			sourceTree = "<group>";
		};
		1F1C71021ED4527E00663A58 /* tempMac */ = {
			isa = PBXGroup;
			children = (
				1F1C71031ED4527E00663A58 /* AppDelegate.h */,
				1F1C71041ED4527E00663A58 /* AppDelegate.m */,
				1F1C71091ED4527E00663A58 /* ViewController.h */,
				1F1C710A1ED4527E00663A58 /* ViewController.m */,
				1F1C710C1ED4527E00663A58 /* Assets.xcassets */,
				1F1C710E1ED4527E00663A58 /* Main.storyboard */,
				1F1C71111ED4527E00663A58 /* Info.plist */,
				1F1C71061ED4527E00663A58 /* Supporting Files */,
			);
			path = tempMac;
			sourceTree = "<group>";
		};
		1F1C71061ED4527E00663A58 /* Supporting Files */ = {
			isa = PBXGroup;
			children = (
				1F1C71071ED4527E00663A58 /* main.m */,
			);
			name = "Supporting Files";
			sourceTree = "<group>";
		};
/* End PBXGroup section */

/* Begin PBXNativeTarget section */
		1F1C70FF1ED4527E00663A58 /* tempMac */ = {
			isa = PBXNativeTarget;
			buildConfigurationList = 1F1C71141ED4527E00663A58 /* Build configuration list for PBXNativeTarget "tempMac" */;
			buildPhases = (
				1F1C70FC1ED4527E00663A58 /* Sources */,
				1F1C70FD1ED4527E00663A58 /* Frameworks */,
				1F1C70FE1ED4527E00663A58 /* Resources */,
			);
			buildRules = (
			);
			dependencies = (
			);
			name = tempMac;
			productName = tempMac;
			productReference = 1F1C71001ED4527E00663A58 /* tempMac.app */;
			productType = "com.apple.product-type.application";
		};
/* End PBXNativeTarget section */

/* Begin PBXProject section */
		1F1C70F81ED4527E00663A58 /* Project object */ = {
			isa = PBXProject;
			attributes = {
				LastUpgradeCheck = 0830;
				ORGANIZATIONNAME = markran;
				TargetAttributes = {
					1F1C70FF1ED4527E00663A58 = {
						CreatedOnToolsVersion = 8.3.2;
						ProvisioningStyle = Automatic;
					};
				};
			};
			buildConfigurationList = 1F1C70FB1ED4527E00663A58 /* Build configuration list for PBXProject "tempMac" */;
			compatibilityVersion = "Xcode 3.2";
			developmentRegion = English;
			hasScannedForEncodings = 0;
			knownRegions = (
				en,
				Base,
			);
			mainGroup = 1F1C70F71ED4527E00663A58;
			productRefGroup = 1F1C71011ED4527E00663A58 /* Products */;
			projectDirPath = "";
			projectRoot = "";
			targets = (
				1F1C70FF1ED4527E00663A58 /* tempMac */,
			);
		};
/* End PBXProject section */

/* Begin PBXResourcesBuildPhase section */
		1F1C70FE1ED4527E00663A58 /* Resources */ = {
			isa = PBXResourcesBuildPhase;
			buildActionMask = 2147483647;
			files = (
				1F1C710D1ED4527E00663A58 /* Assets.xcassets in Resources */,
				1F1C71101ED4527E00663A58 /* Main.storyboard in Resources */,
			);
			runOnlyForDeploymentPostprocessing = 0;
		};
/* End PBXResourcesBuildPhase section */

/* Begin PBXSourcesBuildPhase section */
		1F1C70FC1ED4527E00663A58 /* Sources */ = {
			isa = PBXSourcesBuildPhase;
			buildActionMask = 2147483647;
			files = (
				1F1C710B1ED4527E00663A58 /* ViewController.m in Sources */,
				1F1C71081ED4527E00663A58 /* main.m in Sources */,
				1F1C71051ED4527E00663A58 /* AppDelegate.m in Sources */,
			);
			runOnlyForDeploymentPostprocessing = 0;
		};
/* End PBXSourcesBuildPhase section */

/* Begin PBXVariantGroup section */
		1F1C710E1ED4527E00663A58 /* Main.storyboard */ = {
			isa = PBXVariantGroup;
			children = (
				1F1C710F1ED4527E00663A58 /* Base */,
			);
			name = Main.storyboard;
			sourceTree = "<group>";
		};
/* End PBXVariantGroup section */

/* Begin XCBuildConfiguration section */
		1F1C71121ED4527E00663A58 /* Debug */ = {
			isa = XCBuildConfiguration;
			buildSettings = {
				ALWAYS_SEARCH_USER_PATHS = NO;
				CLANG_ANALYZER_NONNULL = YES;
				CLANG_ANALYZER_NUMBER_OBJECT_CONVERSION = YES_AGGRESSIVE;
				CLANG_CXX_LANGUAGE_STANDARD = "gnu++0x";
				CLANG_CXX_LIBRARY = "libc++";
				CLANG_ENABLE_MODULES = YES;
				CLANG_ENABLE_OBJC_ARC = YES;
				CLANG_WARN_BOOL_CONVERSION = YES;
				CLANG_WARN_CONSTANT_CONVERSION = YES;
				CLANG_WARN_DIRECT_OBJC_ISA_USAGE = YES_ERROR;
				CLANG_WARN_DOCUMENTATION_COMMENTS = YES;
				CLANG_WARN_EMPTY_BODY = YES;
				CLANG_WARN_ENUM_CONVERSION = YES;
				CLANG_WARN_INFINITE_RECURSION = YES;
				CLANG_WARN_INT_CONVERSION = YES;
				CLANG_WARN_OBJC_ROOT_CLASS = YES_ERROR;
				CLANG_WARN_SUSPICIOUS_MOVE = YES;
				CLANG_WARN_UNREACHABLE_CODE = YES;
				CLANG_WARN__DUPLICATE_METHOD_MATCH = YES;
				CODE_SIGN_IDENTITY = "-";
				COPY_PHASE_STRIP = NO;
				DEBUG_INFORMATION_FORMAT = dwarf;
				ENABLE_STRICT_OBJC_MSGSEND = YES;
				ENABLE_TESTABILITY = YES;
				GCC_C_LANGUAGE_STANDARD = gnu99;
				GCC_DYNAMIC_NO_PIC = NO;
				GCC_NO_COMMON_BLOCKS = YES;
				GCC_OPTIMIZATION_LEVEL = 0;
				GCC_PREPROCESSOR_DEFINITIONS = (
					"DEBUG=1",
					"$(inherited)",
				);
				GCC_WARN_64_TO_32_BIT_CONVERSION = YES;
				GCC_WARN_ABOUT_RETURN_TYPE = YES_ERROR;
				GCC_WARN_UNDECLARED_SELECTOR = YES;
				GCC_WARN_UNINITIALIZED_AUTOS = YES_AGGRESSIVE;
				GCC_WARN_UNUSED_FUNCTION = YES;
				GCC_WARN_UNUSED_VARIABLE = YES;
				MACOSX_DEPLOYMENT_TARGET = 10.12;
				MTL_ENABLE_DEBUG_INFO = YES;
				ONLY_ACTIVE_ARCH = YES;
				SDKROOT = macosx;
			};
			name = Debug;
		};
		1F1C71131ED4527E00663A58 /* Release */ = {
			isa = XCBuildConfiguration;
			buildSettings = {
				ALWAYS_SEARCH_USER_PATHS = NO;
				CLANG_ANALYZER_NONNULL = YES;
				CLANG_ANALYZER_NUMBER_OBJECT_CONVERSION = YES_AGGRESSIVE;
				CLANG_CXX_LANGUAGE_STANDARD = "gnu++0x";
				CLANG_CXX_LIBRARY = "libc++";
				CLANG_ENABLE_MODULES = YES;
				CLANG_ENABLE_OBJC_ARC = YES;
				CLANG_WARN_BOOL_CONVERSION = YES;
				CLANG_WARN_CONSTANT_CONVERSION = YES;
				CLANG_WARN_DIRECT_OBJC_ISA_USAGE = YES_ERROR;
				CLANG_WARN_DOCUMENTATION_COMMENTS = YES;
				CLANG_WARN_EMPTY_BODY = YES;
				CLANG_WARN_ENUM_CONVERSION = YES;
				CLANG_WARN_INFINITE_RECURSION = YES;
				CLANG_WARN_INT_CONVERSION = YES;
				CLANG_WARN_OBJC_ROOT_CLASS = YES_ERROR;
				CLANG_WARN_SUSPICIOUS_MOVE = YES;
				CLANG_WARN_UNREACHABLE_CODE = YES;
				CLANG_WARN__DUPLICATE_METHOD_MATCH = YES;
				CODE_SIGN_IDENTITY = "-";
				COPY_PHASE_STRIP = NO;
				DEBUG_INFORMATION_FORMAT = "dwarf-with-dsym";
				ENABLE_NS_ASSERTIONS = NO;
				ENABLE_STRICT_OBJC_MSGSEND = YES;
				GCC_C_LANGUAGE_STANDARD = gnu99;
				GCC_NO_COMMON_BLOCKS = YES;
				GCC_WARN_64_TO_32_BIT_CONVERSION = YES;
				GCC_WARN_ABOUT_RETURN_TYPE = YES_ERROR;
				GCC_WARN_UNDECLARED_SELECTOR = YES;
				GCC_WARN_UNINITIALIZED_AUTOS = YES_AGGRESSIVE;
				GCC_WARN_UNUSED_FUNCTION = YES;
				GCC_WARN_UNUSED_VARIABLE = YES;
				MACOSX_DEPLOYMENT_TARGET = 10.12;
				MTL_ENABLE_DEBUG_INFO = NO;
				SDKROOT = macosx;
			};
			name = Release;
		};
		1F1C71151ED4527E00663A58 /* Debug */ = {
			isa = XCBuildConfiguration;
			buildSettings = {
				ASSETCATALOG_COMPILER_APPICON_NAME = AppIcon;
				COMBINE_HIDPI_IMAGES = YES;
				INFOPLIST_FILE = tempMac/Info.plist;
				LD_RUNPATH_SEARCH_PATHS = "$(inherited) @executable_path/../Frameworks";
				PRODUCT_BUNDLE_IDENTIFIER = com.markran.tempMac;
				PRODUCT_NAME = "$(TARGET_NAME)";
			};
			name = Debug;
		};
		1F1C71161ED4527E00663A58 /* Release */ = {
			isa = XCBuildConfiguration;
			buildSettings = {
				ASSETCATALOG_COMPILER_APPICON_NAME = AppIcon;
				COMBINE_HIDPI_IMAGES = YES;
				INFOPLIST_FILE = tempMac/Info.plist;
				LD_RUNPATH_SEARCH_PATHS = "$(inherited) @executable_path/../Frameworks";
				PRODUCT_BUNDLE_IDENTIFIER = com.markran.tempMac;
				PRODUCT_NAME = "$(TARGET_NAME)";
			};
			name = Release;
		};
/* End XCBuildConfiguration section */

/* Begin XCConfigurationList section */
		1F1C70FB1ED4527E00663A58 /* Build configuration list for PBXProject "tempMac" */ = {
			isa = XCConfigurationList;
			buildConfigurations = (
				1F1C71121ED4527E00663A58 /* Debug */,
				1F1C71131ED4527E00663A58 /* Release */,
			);
			defaultConfigurationIsVisible = 0;
			defaultConfigurationName = Release;
		};
		1F1C71141ED4527E00663A58 /* Build configuration list for PBXNativeTarget "tempMac" */ = {
			isa = XCConfigurationList;
			buildConfigurations = (
				1F1C71151ED4527E00663A58 /* Debug */,
				1F1C71161ED4527E00663A58 /* Release */,
			);
			defaultConfigurationIsVisible = 0;
		};
/* End XCConfigurationList section */
	};
	rootObject = 1F1C70F81ED4527E00663A58 /* Project object */;
}
