// !$*UTF8*$!
{
	archiveVersion = 1;
	classes = {
	};
	objectVersion = 46;
	objects = {

/* Begin PBXBuildFile section */
		1F1C719C1ED6BCFA00663A58 /* main.cpp in Sources */ = {isa = PBXBuildFile; fileRef = 1F1C719B1ED6BCFA00663A58 /* main.cpp */; };
		1F1C71A41ED6BD2900663A58 /* GLUT.framework in Frameworks */ = {isa = PBXBuildFile; fileRef = 1F1C71A31ED6BD2900663A58 /* GLUT.framework */; };
		1F1C71A61ED6BD3000663A58 /* OpenGL.framework in Frameworks */ = {isa = PBXBuildFile; fileRef = 1F1C71A51ED6BD3000663A58 /* OpenGL.framework */; };
/* End PBXBuildFile section */

/* Begin PBXCopyFilesBuildPhase section */
		1F1C71961ED6BCFA00663A58 /* CopyFiles */ = {
			isa = PBXCopyFilesBuildPhase;
			buildActionMask = 2147483647;
			dstPath = /usr/share/man/man1/;
			dstSubfolderSpec = 0;
			files = (
			);
			runOnlyForDeploymentPostprocessing = 1;
		};
/* End PBXCopyFilesBuildPhase section */

/* Begin PBXFileReference section */
		1F1C71981ED6BCFA00663A58 /* OpenGL_CUBE */ = {isa = PBXFileReference; explicitFileType = "compiled.mach-o.executable"; includeInIndex = 0; path = OpenGL_CUBE; sourceTree = BUILT_PRODUCTS_DIR; };
		1F1C719B1ED6BCFA00663A58 /* main.cpp */ = {isa = PBXFileReference; lastKnownFileType = sourcecode.cpp.cpp; path = main.cpp; sourceTree = "<group>"; };
		1F1C71A31ED6BD2900663A58 /* GLUT.framework */ = {isa = PBXFileReference; lastKnownFileType = wrapper.framework; name = GLUT.framework; path = System/Library/Frameworks/GLUT.framework; sourceTree = SDKROOT; };
		1F1C71A51ED6BD3000663A58 /* OpenGL.framework */ = {isa = PBXFileReference; lastKnownFileType = wrapper.framework; name = OpenGL.framework; path = System/Library/Frameworks/OpenGL.framework; sourceTree = SDKROOT; };
/* End PBXFileReference section */

/* Begin PBXFrameworksBuildPhase section */
		1F1C71951ED6BCFA00663A58 /* Frameworks */ = {
			isa = PBXFrameworksBuildPhase;
			buildActionMask = 2147483647;
			files = (
				1F1C71A61ED6BD3000663A58 /* OpenGL.framework in Frameworks */,
				1F1C71A41ED6BD2900663A58 /* GLUT.framework in Frameworks */,
			);
			runOnlyForDeploymentPostprocessing = 0;
		};
/* End PBXFrameworksBuildPhase section */

/* Begin PBXGroup section */
		1F1C718F1ED6BCFA00663A58 = {
			isa = PBXGroup;
			children = (
				1F1C719A1ED6BCFA00663A58 /* OpenGL_CUBE */,
				1F1C71991ED6BCFA00663A58 /* Products */,
				1F1C71A21ED6BD2900663A58 /* Frameworks */,
			);
			sourceTree = "<group>";
		};
		1F1C71991ED6BCFA00663A58 /* Products */ = {
			isa = PBXGroup;
			children = (
				1F1C71981ED6BCFA00663A58 /* OpenGL_CUBE */,
			);
			name = Products;
			sourceTree = "<group>";
		};
		1F1C719A1ED6BCFA00663A58 /* OpenGL_CUBE */ = {
			isa = PBXGroup;
			children = (
				1F1C719B1ED6BCFA00663A58 /* main.cpp */,
			);
			path = OpenGL_CUBE;
			sourceTree = "<group>";
		};
		1F1C71A21ED6BD2900663A58 /* Frameworks */ = {
			isa = PBXGroup;
			children = (
				1F1C71A51ED6BD3000663A58 /* OpenGL.framework */,
				1F1C71A31ED6BD2900663A58 /* GLUT.framework */,
			);
			name = Frameworks;
			sourceTree = "<group>";
		};
/* End PBXGroup section */

/* Begin PBXNativeTarget section */
		1F1C71971ED6BCFA00663A58 /* OpenGL_CUBE */ = {
			isa = PBXNativeTarget;
			buildConfigurationList = 1F1C719F1ED6BCFA00663A58 /* Build configuration list for PBXNativeTarget "OpenGL_CUBE" */;
			buildPhases = (
				1F1C71941ED6BCFA00663A58 /* Sources */,
				1F1C71951ED6BCFA00663A58 /* Frameworks */,
				1F1C71961ED6BCFA00663A58 /* CopyFiles */,
			);
			buildRules = (
			);
			dependencies = (
			);
			name = OpenGL_CUBE;
			productName = OpenGL_CUBE;
			productReference = 1F1C71981ED6BCFA00663A58 /* OpenGL_CUBE */;
			productType = "com.apple.product-type.tool";
		};
/* End PBXNativeTarget section */

/* Begin PBXProject section */
		1F1C71901ED6BCFA00663A58 /* Project object */ = {
			isa = PBXProject;
			attributes = {
				LastUpgradeCheck = 0830;
				ORGANIZATIONNAME = markran;
				TargetAttributes = {
					1F1C71971ED6BCFA00663A58 = {
						CreatedOnToolsVersion = 8.3.2;
						ProvisioningStyle = Automatic;
					};
				};
			};
			buildConfigurationList = 1F1C71931ED6BCFA00663A58 /* Build configuration list for PBXProject "OpenGL_CUBE" */;
			compatibilityVersion = "Xcode 3.2";
			developmentRegion = English;
			hasScannedForEncodings = 0;
			knownRegions = (
				en,
			);
			mainGroup = 1F1C718F1ED6BCFA00663A58;
			productRefGroup = 1F1C71991ED6BCFA00663A58 /* Products */;
			projectDirPath = "";
			projectRoot = "";
			targets = (
				1F1C71971ED6BCFA00663A58 /* OpenGL_CUBE */,
			);
		};
/* End PBXProject section */

/* Begin PBXSourcesBuildPhase section */
		1F1C71941ED6BCFA00663A58 /* Sources */ = {
			isa = PBXSourcesBuildPhase;
			buildActionMask = 2147483647;
			files = (
				1F1C719C1ED6BCFA00663A58 /* main.cpp in Sources */,
			);
			runOnlyForDeploymentPostprocessing = 0;
		};
/* End PBXSourcesBuildPhase section */

/* Begin XCBuildConfiguration section */
		1F1C719D1ED6BCFA00663A58 /* Debug */ = {
			isa = XCBuildConfiguration;
			buildSettings = {
				ALWAYS_SEARCH_USER_PATHS = NO;
				CLANG_ANALYZER_NONNULL = YES;
				CLANG_ANALYZER_NUMBER_OBJECT_CONVERSION = YES_AGGRESSIVE;
				CLANG_CXX_LANGUAGE_STANDARD = "gnu++0x";
				CLANG_CXX_LIBRARY = "libc++";
				CLANG_ENABLE_MODULES = YES;
				CLANG_ENABLE_OBJC_ARC = YES;
				CLANG_WARN_BOOL_CONVERSION = YES;
				CLANG_WARN_CONSTANT_CONVERSION = YES;
				CLANG_WARN_DIRECT_OBJC_ISA_USAGE = YES_ERROR;
				CLANG_WARN_DOCUMENTATION_COMMENTS = YES;
				CLANG_WARN_EMPTY_BODY = YES;
				CLANG_WARN_ENUM_CONVERSION = YES;
				CLANG_WARN_INFINITE_RECURSION = YES;
				CLANG_WARN_INT_CONVERSION = YES;
				CLANG_WARN_OBJC_ROOT_CLASS = YES_ERROR;
				CLANG_WARN_SUSPICIOUS_MOVE = YES;
				CLANG_WARN_UNREACHABLE_CODE = YES;
				CLANG_WARN__DUPLICATE_METHOD_MATCH = YES;
				CODE_SIGN_IDENTITY = "-";
				COPY_PHASE_STRIP = NO;
				DEBUG_INFORMATION_FORMAT = dwarf;
				ENABLE_STRICT_OBJC_MSGSEND = YES;
				ENABLE_TESTABILITY = YES;
				GCC_C_LANGUAGE_STANDARD = gnu99;
				GCC_DYNAMIC_NO_PIC = NO;
				GCC_NO_COMMON_BLOCKS = YES;
				GCC_OPTIMIZATION_LEVEL = 0;
				GCC_PREPROCESSOR_DEFINITIONS = (
					"DEBUG=1",
					"$(inherited)",
				);
				GCC_WARN_64_TO_32_BIT_CONVERSION = YES;
				GCC_WARN_ABOUT_RETURN_TYPE = YES_ERROR;
				GCC_WARN_UNDECLARED_SELECTOR = YES;
				GCC_WARN_UNINITIALIZED_AUTOS = YES_AGGRESSIVE;
				GCC_WARN_UNUSED_FUNCTION = YES;
				GCC_WARN_UNUSED_VARIABLE = YES;
				MACOSX_DEPLOYMENT_TARGET = 10.12;
				MTL_ENABLE_DEBUG_INFO = YES;
				ONLY_ACTIVE_ARCH = YES;
				SDKROOT = macosx;
			};
			name = Debug;
		};
		1F1C719E1ED6BCFA00663A58 /* Release */ = {
			isa = XCBuildConfiguration;
			buildSettings = {
				ALWAYS_SEARCH_USER_PATHS = NO;
				CLANG_ANALYZER_NONNULL = YES;
				CLANG_ANALYZER_NUMBER_OBJECT_CONVERSION = YES_AGGRESSIVE;
				CLANG_CXX_LANGUAGE_STANDARD = "gnu++0x";
				CLANG_CXX_LIBRARY = "libc++";
				CLANG_ENABLE_MODULES = YES;
				CLANG_ENABLE_OBJC_ARC = YES;
				CLANG_WARN_BOOL_CONVERSION = YES;
				CLANG_WARN_CONSTANT_CONVERSION = YES;
				CLANG_WARN_DIRECT_OBJC_ISA_USAGE = YES_ERROR;
				CLANG_WARN_DOCUMENTATION_COMMENTS = YES;
				CLANG_WARN_EMPTY_BODY = YES;
				CLANG_WARN_ENUM_CONVERSION = YES;
				CLANG_WARN_INFINITE_RECURSION = YES;
				CLANG_WARN_INT_CONVERSION = YES;
				CLANG_WARN_OBJC_ROOT_CLASS = YES_ERROR;
				CLANG_WARN_SUSPICIOUS_MOVE = YES;
				CLANG_WARN_UNREACHABLE_CODE = YES;
				CLANG_WARN__DUPLICATE_METHOD_MATCH = YES;
				CODE_SIGN_IDENTITY = "-";
				COPY_PHASE_STRIP = NO;
				DEBUG_INFORMATION_FORMAT = "dwarf-with-dsym";
				ENABLE_NS_ASSERTIONS = NO;
				ENABLE_STRICT_OBJC_MSGSEND = YES;
				GCC_C_LANGUAGE_STANDARD = gnu99;
				GCC_NO_COMMON_BLOCKS = YES;
				GCC_WARN_64_TO_32_BIT_CONVERSION = YES;
				GCC_WARN_ABOUT_RETURN_TYPE = YES_ERROR;
				GCC_WARN_UNDECLARED_SELECTOR = YES;
				GCC_WARN_UNINITIALIZED_AUTOS = YES_AGGRESSIVE;
				GCC_WARN_UNUSED_FUNCTION = YES;
				GCC_WARN_UNUSED_VARIABLE = YES;
				MACOSX_DEPLOYMENT_TARGET = 10.12;
				MTL_ENABLE_DEBUG_INFO = NO;
				SDKROOT = macosx;
			};
			name = Release;
		};
		1F1C71A01ED6BCFA00663A58 /* Debug */ = {
			isa = XCBuildConfiguration;
			buildSettings = {
				PRODUCT_NAME = "$(TARGET_NAME)";
			};
			name = Debug;
		};
		1F1C71A11ED6BCFA00663A58 /* Release */ = {
			isa = XCBuildConfiguration;
			buildSettings = {
				PRODUCT_NAME = "$(TARGET_NAME)";
			};
			name = Release;
		};
/* End XCBuildConfiguration section */

/* Begin XCConfigurationList section */
		1F1C71931ED6BCFA00663A58 /* Build configuration list for PBXProject "OpenGL_CUBE" */ = {
			isa = XCConfigurationList;
			buildConfigurations = (
				1F1C719D1ED6BCFA00663A58 /* Debug */,
				1F1C719E1ED6BCFA00663A58 /* Release */,
			);
			defaultConfigurationIsVisible = 0;
			defaultConfigurationName = Release;
		};
		1F1C719F1ED6BCFA00663A58 /* Build configuration list for PBXNativeTarget "OpenGL_CUBE" */ = {
			isa = XCConfigurationList;
			buildConfigurations = (
				1F1C71A01ED6BCFA00663A58 /* Debug */,
				1F1C71A11ED6BCFA00663A58 /* Release */,
			);
			defaultConfigurationIsVisible = 0;
		};
/* End XCConfigurationList section */
	};
	rootObject = 1F1C71901ED6BCFA00663A58 /* Project object */;
}
